
Microsoft Visual Studio Solution File, Format Version 12.00
# Visual Studio 2013
VisualStudioVersion = 12.0.31101.0
MinimumVisualStudioVersion = 10.0.40219.1
Project("{FAE04EC0-301F-11D3-BF4B-00C04F79EFBC}") = "NanoCluster", "src\NanoCluster.csproj", "{EDC84FC2-DCFA-4155-B92A-98CC1FDF2D2C}"
EndProject
Project("{FAE04EC0-301F-11D3-BF4B-00C04F79EFBC}") = "NanoCluster.Tests", "tests\NanoCluster.Tests\NanoCluster.Tests.csproj", "{F8F9606C-AD4E-4D4D-851D-A6CED9E1B2D8}"
EndProject
Global
	GlobalSection(SolutionConfigurationPlatforms) = preSolution
		Debug|Any CPU = Debug|Any CPU
		Release|Any CPU = Release|Any CPU
	EndGlobalSection
	GlobalSection(ProjectConfigurationPlatforms) = postSolution
		{EDC84FC2-DCFA-4155-B92A-98CC1FDF2D2C}.Debug|Any CPU.ActiveCfg = Debug|Any CPU
		{EDC84FC2-DCFA-4155-B92A-98CC1FDF2D2C}.Debug|Any CPU.Build.0 = Debug|Any CPU
		{EDC84FC2-DCFA-4155-B92A-98CC1FDF2D2C}.Release|Any CPU.ActiveCfg = Release|Any CPU
		{EDC84FC2-DCFA-4155-B92A-98CC1FDF2D2C}.Release|Any CPU.Build.0 = Release|Any CPU
		{F8F9606C-AD4E-4D4D-851D-A6CED9E1B2D8}.Debug|Any CPU.ActiveCfg = Debug|Any CPU
		{F8F9606C-AD4E-4D4D-851D-A6CED9E1B2D8}.Debug|Any CPU.Build.0 = Debug|Any CPU
		{F8F9606C-AD4E-4D4D-851D-A6CED9E1B2D8}.Release|Any CPU.ActiveCfg = Release|Any CPU
		{F8F9606C-AD4E-4D4D-851D-A6CED9E1B2D8}.Release|Any CPU.Build.0 = Release|Any CPU
	EndGlobalSection
	GlobalSection(SolutionProperties) = preSolution
		HideSolutionNode = FALSE
	EndGlobalSection
EndGlobal
