
Microsoft Visual Studio Solution File, Format Version 12.00
# Visual Studio 2013
VisualStudioVersion = 12.0.31101.0
MinimumVisualStudioVersion = 10.0.40219.1
Project("{FAE04EC0-301F-11D3-BF4B-00C04F79EFBC}") = "NanoCluster", "src\NanoCluster.csproj", "{EDC84FC2-DCFA-4155-B92A-98CC1FDF2D2C}"
EndProject
Project("{2150E333-8FDC-42A3-9474-1A3956D46DE8}") = "Samples", "Samples", "{D2957D9D-CC0A-4D25-9513-423C680648DD}"
EndProject
Project("{FAE04EC0-301F-11D3-BF4B-00C04F79EFBC}") = "Node2.Cli", "samples\Node2.Cli\Node2.Cli.csproj", "{40DB56F8-1180-4AC7-A1B0-E432276010B2}"
EndProject
Project("{FAE04EC0-301F-11D3-BF4B-00C04F79EFBC}") = "Node1.Wf", "samples\Node1.Wf\Node1.Wf.csproj", "{6A3E7C64-B950-4308-B6A8-F2D0C87FD650}"
EndProject
Project("{FAE04EC0-301F-11D3-BF4B-00C04F79EFBC}") = "Node3.Web", "samples\Node3.Web\Node3.Web.csproj", "{AFA61414-2269-4593-BF34-B7E9113D6264}"
EndProject
Project("{2150E333-8FDC-42A3-9474-1A3956D46DE8}") = "Static Topology", "Static Topology", "{DC000E8B-D4F5-4EB2-AF04-F33222EBE206}"
EndProject
Project("{2150E333-8FDC-42A3-9474-1A3956D46DE8}") = "Autodiscovery", "Autodiscovery", "{CD3435FC-1116-4248-8E21-190C942747CB}"
EndProject
Project("{FAE04EC0-301F-11D3-BF4B-00C04F79EFBC}") = "Node4.Cli", "samples\Node4.Cli\Node4.Cli.csproj", "{11010399-EFA2-4B4C-ABEF-728373E6F781}"
EndProject
Project("{FAE04EC0-301F-11D3-BF4B-00C04F79EFBC}") = "Node5.Cli", "samples\Node5.Cli\Node5.Cli.csproj", "{96DF98C9-9FD4-4DF5-88F6-0D7D70F2B359}"
EndProject
Project("{2150E333-8FDC-42A3-9474-1A3956D46DE8}") = "HippieChat", "HippieChat", "{0A7D14E9-E7DA-4AE6-AB77-322117F13077}"
EndProject
Project("{FAE04EC0-301F-11D3-BF4B-00C04F79EFBC}") = "H2", "samples\H2\H2.csproj", "{38A30C9A-AEDE-404E-A1ED-B5E1CFE01395}"
EndProject
Project("{FAE04EC0-301F-11D3-BF4B-00C04F79EFBC}") = "H1", "samples\H1\H1.csproj", "{8CB1EB31-9D26-48E5-9B2E-49D46F3D95E2}"
EndProject
Project("{FAE04EC0-301F-11D3-BF4B-00C04F79EFBC}") = "H.Core", "samples\H.Core\H.Core.csproj", "{F4B188FA-1807-478D-B3A5-11795033F470}"
EndProject
Project("{FAE04EC0-301F-11D3-BF4B-00C04F79EFBC}") = "NanoCluster.Tests", "tests\NanoCluster.Tests\NanoCluster.Tests.csproj", "{F8F9606C-AD4E-4D4D-851D-A6CED9E1B2D8}"
EndProject
Global
	GlobalSection(SolutionConfigurationPlatforms) = preSolution
		Debug|Any CPU = Debug|Any CPU
		Release|Any CPU = Release|Any CPU
	EndGlobalSection
	GlobalSection(ProjectConfigurationPlatforms) = postSolution
		{EDC84FC2-DCFA-4155-B92A-98CC1FDF2D2C}.Debug|Any CPU.ActiveCfg = Debug|Any CPU
		{EDC84FC2-DCFA-4155-B92A-98CC1FDF2D2C}.Debug|Any CPU.Build.0 = Debug|Any CPU
		{EDC84FC2-DCFA-4155-B92A-98CC1FDF2D2C}.Release|Any CPU.ActiveCfg = Release|Any CPU
		{EDC84FC2-DCFA-4155-B92A-98CC1FDF2D2C}.Release|Any CPU.Build.0 = Release|Any CPU
		{40DB56F8-1180-4AC7-A1B0-E432276010B2}.Debug|Any CPU.ActiveCfg = Debug|Any CPU
		{40DB56F8-1180-4AC7-A1B0-E432276010B2}.Debug|Any CPU.Build.0 = Debug|Any CPU
		{40DB56F8-1180-4AC7-A1B0-E432276010B2}.Release|Any CPU.ActiveCfg = Release|Any CPU
		{40DB56F8-1180-4AC7-A1B0-E432276010B2}.Release|Any CPU.Build.0 = Release|Any CPU
		{6A3E7C64-B950-4308-B6A8-F2D0C87FD650}.Debug|Any CPU.ActiveCfg = Debug|Any CPU
		{6A3E7C64-B950-4308-B6A8-F2D0C87FD650}.Debug|Any CPU.Build.0 = Debug|Any CPU
		{6A3E7C64-B950-4308-B6A8-F2D0C87FD650}.Release|Any CPU.ActiveCfg = Release|Any CPU
		{6A3E7C64-B950-4308-B6A8-F2D0C87FD650}.Release|Any CPU.Build.0 = Release|Any CPU
		{AFA61414-2269-4593-BF34-B7E9113D6264}.Debug|Any CPU.ActiveCfg = Debug|Any CPU
		{AFA61414-2269-4593-BF34-B7E9113D6264}.Debug|Any CPU.Build.0 = Debug|Any CPU
		{AFA61414-2269-4593-BF34-B7E9113D6264}.Release|Any CPU.ActiveCfg = Release|Any CPU
		{AFA61414-2269-4593-BF34-B7E9113D6264}.Release|Any CPU.Build.0 = Release|Any CPU
		{11010399-EFA2-4B4C-ABEF-728373E6F781}.Debug|Any CPU.ActiveCfg = Debug|Any CPU
		{11010399-EFA2-4B4C-ABEF-728373E6F781}.Debug|Any CPU.Build.0 = Debug|Any CPU
		{11010399-EFA2-4B4C-ABEF-728373E6F781}.Release|Any CPU.ActiveCfg = Release|Any CPU
		{11010399-EFA2-4B4C-ABEF-728373E6F781}.Release|Any CPU.Build.0 = Release|Any CPU
		{96DF98C9-9FD4-4DF5-88F6-0D7D70F2B359}.Debug|Any CPU.ActiveCfg = Debug|Any CPU
		{96DF98C9-9FD4-4DF5-88F6-0D7D70F2B359}.Debug|Any CPU.Build.0 = Debug|Any CPU
		{96DF98C9-9FD4-4DF5-88F6-0D7D70F2B359}.Release|Any CPU.ActiveCfg = Release|Any CPU
		{96DF98C9-9FD4-4DF5-88F6-0D7D70F2B359}.Release|Any CPU.Build.0 = Release|Any CPU
		{38A30C9A-AEDE-404E-A1ED-B5E1CFE01395}.Debug|Any CPU.ActiveCfg = Debug|Any CPU
		{38A30C9A-AEDE-404E-A1ED-B5E1CFE01395}.Debug|Any CPU.Build.0 = Debug|Any CPU
		{38A30C9A-AEDE-404E-A1ED-B5E1CFE01395}.Release|Any CPU.ActiveCfg = Release|Any CPU
		{38A30C9A-AEDE-404E-A1ED-B5E1CFE01395}.Release|Any CPU.Build.0 = Release|Any CPU
		{8CB1EB31-9D26-48E5-9B2E-49D46F3D95E2}.Debug|Any CPU.ActiveCfg = Debug|Any CPU
		{8CB1EB31-9D26-48E5-9B2E-49D46F3D95E2}.Debug|Any CPU.Build.0 = Debug|Any CPU
		{8CB1EB31-9D26-48E5-9B2E-49D46F3D95E2}.Release|Any CPU.ActiveCfg = Release|Any CPU
		{8CB1EB31-9D26-48E5-9B2E-49D46F3D95E2}.Release|Any CPU.Build.0 = Release|Any CPU
		{F4B188FA-1807-478D-B3A5-11795033F470}.Debug|Any CPU.ActiveCfg = Debug|Any CPU
		{F4B188FA-1807-478D-B3A5-11795033F470}.Debug|Any CPU.Build.0 = Debug|Any CPU
		{F4B188FA-1807-478D-B3A5-11795033F470}.Release|Any CPU.ActiveCfg = Release|Any CPU
		{F4B188FA-1807-478D-B3A5-11795033F470}.Release|Any CPU.Build.0 = Release|Any CPU
		{F8F9606C-AD4E-4D4D-851D-A6CED9E1B2D8}.Debug|Any CPU.ActiveCfg = Debug|Any CPU
		{F8F9606C-AD4E-4D4D-851D-A6CED9E1B2D8}.Debug|Any CPU.Build.0 = Debug|Any CPU
		{F8F9606C-AD4E-4D4D-851D-A6CED9E1B2D8}.Release|Any CPU.ActiveCfg = Release|Any CPU
		{F8F9606C-AD4E-4D4D-851D-A6CED9E1B2D8}.Release|Any CPU.Build.0 = Release|Any CPU
	EndGlobalSection
	GlobalSection(SolutionProperties) = preSolution
		HideSolutionNode = FALSE
	EndGlobalSection
	GlobalSection(NestedProjects) = preSolution
		{40DB56F8-1180-4AC7-A1B0-E432276010B2} = {DC000E8B-D4F5-4EB2-AF04-F33222EBE206}
		{6A3E7C64-B950-4308-B6A8-F2D0C87FD650} = {DC000E8B-D4F5-4EB2-AF04-F33222EBE206}
		{AFA61414-2269-4593-BF34-B7E9113D6264} = {DC000E8B-D4F5-4EB2-AF04-F33222EBE206}
		{DC000E8B-D4F5-4EB2-AF04-F33222EBE206} = {D2957D9D-CC0A-4D25-9513-423C680648DD}
		{CD3435FC-1116-4248-8E21-190C942747CB} = {D2957D9D-CC0A-4D25-9513-423C680648DD}
		{11010399-EFA2-4B4C-ABEF-728373E6F781} = {CD3435FC-1116-4248-8E21-190C942747CB}
		{96DF98C9-9FD4-4DF5-88F6-0D7D70F2B359} = {CD3435FC-1116-4248-8E21-190C942747CB}
		{0A7D14E9-E7DA-4AE6-AB77-322117F13077} = {D2957D9D-CC0A-4D25-9513-423C680648DD}
		{38A30C9A-AEDE-404E-A1ED-B5E1CFE01395} = {0A7D14E9-E7DA-4AE6-AB77-322117F13077}
		{8CB1EB31-9D26-48E5-9B2E-49D46F3D95E2} = {0A7D14E9-E7DA-4AE6-AB77-322117F13077}
		{F4B188FA-1807-478D-B3A5-11795033F470} = {0A7D14E9-E7DA-4AE6-AB77-322117F13077}
	EndGlobalSection
EndGlobal
